
Microsoft Visual Studio Solution File, Format Version 12.00
# Visual Studio Version 17
VisualStudioVersion = 17.0.32112.339
MinimumVisualStudioVersion = 10.0.40219.1
Project("{8BC9CEB8-8B4A-11D0-8D11-00A0C91BC942}") = "LB8_Yarosh", "LB8_Yarosh\LB8_Yarosh.vcxproj", "{35ADF58D-0D10-48EE-BC03-B9F733F2A7ED}"
EndProject
Global
	GlobalSection(SolutionConfigurationPlatforms) = preSolution
		Debug|x64 = Debug|x64
		Debug|x86 = Debug|x86
		Release|x64 = Release|x64
		Release|x86 = Release|x86
	EndGlobalSection
	GlobalSection(ProjectConfigurationPlatforms) = postSolution
		{35ADF58D-0D10-48EE-BC03-B9F733F2A7ED}.Debug|x64.ActiveCfg = Debug|x64
		{35ADF58D-0D10-48EE-BC03-B9F733F2A7ED}.Debug|x64.Build.0 = Debug|x64
		{35ADF58D-0D10-48EE-BC03-B9F733F2A7ED}.Debug|x86.ActiveCfg = Debug|Win32
		{35ADF58D-0D10-48EE-BC03-B9F733F2A7ED}.Debug|x86.Build.0 = Debug|Win32
		{35ADF58D-0D10-48EE-BC03-B9F733F2A7ED}.Release|x64.ActiveCfg = Release|x64
		{35ADF58D-0D10-48EE-BC03-B9F733F2A7ED}.Release|x64.Build.0 = Release|x64
		{35ADF58D-0D10-48EE-BC03-B9F733F2A7ED}.Release|x86.ActiveCfg = Release|Win32
		{35ADF58D-0D10-48EE-BC03-B9F733F2A7ED}.Release|x86.Build.0 = Release|Win32
	EndGlobalSection
	GlobalSection(SolutionProperties) = preSolution
		HideSolutionNode = FALSE
	EndGlobalSection
	GlobalSection(ExtensibilityGlobals) = postSolution
		SolutionGuid = {9E08479D-6F64-4C14-ABC2-91EF4D34EF7D}
	EndGlobalSection
EndGlobal
